
Microsoft Visual Studio Solution File, Format Version 12.00
# Visual Studio Version 16
VisualStudioVersion = 16.0.31624.102
MinimumVisualStudioVersion = 10.0.40219.1
Project("{2150E333-8FDC-42A3-9474-1A3956D46DE8}") = "src", "src", "{CD743455-728B-4FEF-B482-9FD3A4A04E1F}"
EndProject
Project("{2150E333-8FDC-42A3-9474-1A3956D46DE8}") = "tests", "tests", "{63736A59-7910-4CF9-BF17-0D4FEA7BD804}"
EndProject
Project("{2150E333-8FDC-42A3-9474-1A3956D46DE8}") = "1 - Presentation", "1 - Presentation", "{4BDC8A15-21EB-4EAF-9380-11DC204350AF}"
EndProject
Project("{2150E333-8FDC-42A3-9474-1A3956D46DE8}") = "2 - Application", "2 - Application", "{3147B7F3-2F4F-4206-9EFB-8F0D8E84215E}"
EndProject
Project("{2150E333-8FDC-42A3-9474-1A3956D46DE8}") = "3 - Domain", "3 - Domain", "{E670EA9E-3A69-42FC-BFC0-7DC5CDC61136}"
EndProject
Project("{2150E333-8FDC-42A3-9474-1A3956D46DE8}") = "4 - Infrastructure", "4 - Infrastructure", "{9731E24A-0A29-46D1-95C6-5FBE533F3CA6}"
EndProject
Project("{FAE04EC0-301F-11D3-BF4B-00C04F79EFBC}") = "Dotnet6.Employees.Domain", "src\3 - Domain\Dotnet6.Employees.Domain\Dotnet6.Employees.Domain.csproj", "{7E35534D-8A1E-4BA4-BC36-24284829B66F}"
EndProject
Project("{FAE04EC0-301F-11D3-BF4B-00C04F79EFBC}") = "Dotnet6.Extensions", "src\4 - Infrastructure\Dotnet6.Extensions\Dotnet6.Extensions.csproj", "{E3BE6D3F-00AC-48C9-A39B-4C39307DC994}"
EndProject
Global
	GlobalSection(SolutionConfigurationPlatforms) = preSolution
		Debug|Any CPU = Debug|Any CPU
		Release|Any CPU = Release|Any CPU
	EndGlobalSection
	GlobalSection(ProjectConfigurationPlatforms) = postSolution
		{7E35534D-8A1E-4BA4-BC36-24284829B66F}.Debug|Any CPU.ActiveCfg = Debug|Any CPU
		{7E35534D-8A1E-4BA4-BC36-24284829B66F}.Debug|Any CPU.Build.0 = Debug|Any CPU
		{7E35534D-8A1E-4BA4-BC36-24284829B66F}.Release|Any CPU.ActiveCfg = Release|Any CPU
		{7E35534D-8A1E-4BA4-BC36-24284829B66F}.Release|Any CPU.Build.0 = Release|Any CPU
		{E3BE6D3F-00AC-48C9-A39B-4C39307DC994}.Debug|Any CPU.ActiveCfg = Debug|Any CPU
		{E3BE6D3F-00AC-48C9-A39B-4C39307DC994}.Debug|Any CPU.Build.0 = Debug|Any CPU
		{E3BE6D3F-00AC-48C9-A39B-4C39307DC994}.Release|Any CPU.ActiveCfg = Release|Any CPU
		{E3BE6D3F-00AC-48C9-A39B-4C39307DC994}.Release|Any CPU.Build.0 = Release|Any CPU
	EndGlobalSection
	GlobalSection(SolutionProperties) = preSolution
		HideSolutionNode = FALSE
	EndGlobalSection
	GlobalSection(NestedProjects) = preSolution
		{4BDC8A15-21EB-4EAF-9380-11DC204350AF} = {CD743455-728B-4FEF-B482-9FD3A4A04E1F}
		{3147B7F3-2F4F-4206-9EFB-8F0D8E84215E} = {CD743455-728B-4FEF-B482-9FD3A4A04E1F}
		{E670EA9E-3A69-42FC-BFC0-7DC5CDC61136} = {CD743455-728B-4FEF-B482-9FD3A4A04E1F}
		{9731E24A-0A29-46D1-95C6-5FBE533F3CA6} = {CD743455-728B-4FEF-B482-9FD3A4A04E1F}
		{7E35534D-8A1E-4BA4-BC36-24284829B66F} = {E670EA9E-3A69-42FC-BFC0-7DC5CDC61136}
		{E3BE6D3F-00AC-48C9-A39B-4C39307DC994} = {9731E24A-0A29-46D1-95C6-5FBE533F3CA6}
	EndGlobalSection
	GlobalSection(ExtensibilityGlobals) = postSolution
		SolutionGuid = {34361197-D371-4A93-877C-313F049AFF63}
	EndGlobalSection
EndGlobal
